
Microsoft Visual Studio Solution File, Format Version 12.00
# Visual Studio Version 17
VisualStudioVersion = 17.13.35825.156
MinimumVisualStudioVersion = 10.0.40219.1
Project("{FAE04EC0-301F-11D3-BF4B-00C04F79EFBC}") = "SSH_FrontEnd", "SSH_FrontEnd.csproj", "{46C25071-C0FB-40BB-A750-777414118C0C}"
EndProject
Project("{FAE04EC0-301F-11D3-BF4B-00C04F79EFBC}") = "Utility", "..\Utility\Utility.csproj", "{EE44788C-A420-4D94-8F20-F5CD2AD1D8A6}"
EndProject
Global
	GlobalSection(SolutionConfigurationPlatforms) = preSolution
		Debug|Any CPU = Debug|Any CPU
		Release|Any CPU = Release|Any CPU
	EndGlobalSection
	GlobalSection(ProjectConfigurationPlatforms) = postSolution
		{46C25071-C0FB-40BB-A750-777414118C0C}.Debug|Any CPU.ActiveCfg = Debug|Any CPU
		{46C25071-C0FB-40BB-A750-777414118C0C}.Debug|Any CPU.Build.0 = Debug|Any CPU
		{46C25071-C0FB-40BB-A750-777414118C0C}.Release|Any CPU.ActiveCfg = Release|Any CPU
		{46C25071-C0FB-40BB-A750-777414118C0C}.Release|Any CPU.Build.0 = Release|Any CPU
		{EE44788C-A420-4D94-8F20-F5CD2AD1D8A6}.Debug|Any CPU.ActiveCfg = Debug|Any CPU
		{EE44788C-A420-4D94-8F20-F5CD2AD1D8A6}.Debug|Any CPU.Build.0 = Debug|Any CPU
		{EE44788C-A420-4D94-8F20-F5CD2AD1D8A6}.Release|Any CPU.ActiveCfg = Release|Any CPU
		{EE44788C-A420-4D94-8F20-F5CD2AD1D8A6}.Release|Any CPU.Build.0 = Release|Any CPU
	EndGlobalSection
	GlobalSection(SolutionProperties) = preSolution
		HideSolutionNode = FALSE
	EndGlobalSection
	GlobalSection(ExtensibilityGlobals) = postSolution
		SolutionGuid = {A652AC54-473C-496F-B5C8-FE8C9FFF71E2}
	EndGlobalSection
EndGlobal
